// !$*UTF8*$!
{
	archiveVersion = 1;
	classes = {
	};
	objectVersion = 56;
	objects = {

/* Begin PBXBuildFile section */
		094EABDC2B529A0300A39DF1 /* AtomicDesignSystem.swift in Sources */ = {isa = PBXBuildFile; fileRef = 094EABDB2B529A0300A39DF1 /* AtomicDesignSystem.swift */; };
		097109222B52483800CFD692 /* FluxFinancesApp.swift in Sources */ = {isa = PBXBuildFile; fileRef = 097109212B52483800CFD692 /* FluxFinancesApp.swift */; };
		097109242B52483800CFD692 /* ContentView.swift in Sources */ = {isa = PBXBuildFile; fileRef = 097109232B52483800CFD692 /* ContentView.swift */; };
		097109262B52483A00CFD692 /* Assets.xcassets in Resources */ = {isa = PBXBuildFile; fileRef = 097109252B52483A00CFD692 /* Assets.xcassets */; };
		097109292B52483A00CFD692 /* Preview Assets.xcassets in Resources */ = {isa = PBXBuildFile; fileRef = 097109282B52483A00CFD692 /* Preview Assets.xcassets */; };
		097109332B52483A00CFD692 /* FluxFinancesTests.swift in Sources */ = {isa = PBXBuildFile; fileRef = 097109322B52483A00CFD692 /* FluxFinancesTests.swift */; };
		0971093D2B52483A00CFD692 /* FluxFinancesUITests.swift in Sources */ = {isa = PBXBuildFile; fileRef = 0971093C2B52483A00CFD692 /* FluxFinancesUITests.swift */; };
		0971093F2B52483A00CFD692 /* FluxFinancesUITestsLaunchTests.swift in Sources */ = {isa = PBXBuildFile; fileRef = 0971093E2B52483A00CFD692 /* FluxFinancesUITestsLaunchTests.swift */; };
		09D8D1E62B52663A00EC2A70 /* Extensions.swift in Sources */ = {isa = PBXBuildFile; fileRef = 09D8D1E52B52663A00EC2A70 /* Extensions.swift */; };
		09D8D1EA2B526B0400EC2A70 /* JosefinSans-Italic-VariableFont_wght.ttf in Resources */ = {isa = PBXBuildFile; fileRef = 09D8D1E82B526B0400EC2A70 /* JosefinSans-Italic-VariableFont_wght.ttf */; };
		09D8D1EB2B526B0400EC2A70 /* JosefinSans-VariableFont_wght.ttf in Resources */ = {isa = PBXBuildFile; fileRef = 09D8D1E92B526B0400EC2A70 /* JosefinSans-VariableFont_wght.ttf */; };
/* End PBXBuildFile section */

/* Begin PBXContainerItemProxy section */
		0971092F2B52483A00CFD692 /* PBXContainerItemProxy */ = {
			isa = PBXContainerItemProxy;
			containerPortal = 097109162B52483800CFD692 /* Project object */;
			proxyType = 1;
			remoteGlobalIDString = 0971091D2B52483800CFD692;
			remoteInfo = FluxFinances;
		};
		097109392B52483A00CFD692 /* PBXContainerItemProxy */ = {
			isa = PBXContainerItemProxy;
			containerPortal = 097109162B52483800CFD692 /* Project object */;
			proxyType = 1;
			remoteGlobalIDString = 0971091D2B52483800CFD692;
			remoteInfo = FluxFinances;
		};
/* End PBXContainerItemProxy section */

/* Begin PBXFileReference section */
		094EABDB2B529A0300A39DF1 /* AtomicDesignSystem.swift */ = {isa = PBXFileReference; fileEncoding = 4; lastKnownFileType = sourcecode.swift; path = AtomicDesignSystem.swift; sourceTree = "<group>"; };
		0971091E2B52483800CFD692 /* FluxFinances.app */ = {isa = PBXFileReference; explicitFileType = wrapper.application; includeInIndex = 0; path = FluxFinances.app; sourceTree = BUILT_PRODUCTS_DIR; };
		097109212B52483800CFD692 /* FluxFinancesApp.swift */ = {isa = PBXFileReference; lastKnownFileType = sourcecode.swift; path = FluxFinancesApp.swift; sourceTree = "<group>"; };
		097109232B52483800CFD692 /* ContentView.swift */ = {isa = PBXFileReference; lastKnownFileType = sourcecode.swift; path = ContentView.swift; sourceTree = "<group>"; };
		097109252B52483A00CFD692 /* Assets.xcassets */ = {isa = PBXFileReference; lastKnownFileType = folder.assetcatalog; path = Assets.xcassets; sourceTree = "<group>"; };
		097109282B52483A00CFD692 /* Preview Assets.xcassets */ = {isa = PBXFileReference; lastKnownFileType = folder.assetcatalog; path = "Preview Assets.xcassets"; sourceTree = "<group>"; };
		0971092E2B52483A00CFD692 /* FluxFinancesTests.xctest */ = {isa = PBXFileReference; explicitFileType = wrapper.cfbundle; includeInIndex = 0; path = FluxFinancesTests.xctest; sourceTree = BUILT_PRODUCTS_DIR; };
		097109322B52483A00CFD692 /* FluxFinancesTests.swift */ = {isa = PBXFileReference; lastKnownFileType = sourcecode.swift; path = FluxFinancesTests.swift; sourceTree = "<group>"; };
		097109382B52483A00CFD692 /* FluxFinancesUITests.xctest */ = {isa = PBXFileReference; explicitFileType = wrapper.cfbundle; includeInIndex = 0; path = FluxFinancesUITests.xctest; sourceTree = BUILT_PRODUCTS_DIR; };
		0971093C2B52483A00CFD692 /* FluxFinancesUITests.swift */ = {isa = PBXFileReference; lastKnownFileType = sourcecode.swift; path = FluxFinancesUITests.swift; sourceTree = "<group>"; };
		0971093E2B52483A00CFD692 /* FluxFinancesUITestsLaunchTests.swift */ = {isa = PBXFileReference; lastKnownFileType = sourcecode.swift; path = FluxFinancesUITestsLaunchTests.swift; sourceTree = "<group>"; };
		09D8D1E52B52663A00EC2A70 /* Extensions.swift */ = {isa = PBXFileReference; lastKnownFileType = sourcecode.swift; path = Extensions.swift; sourceTree = "<group>"; };
		09D8D1E82B526B0400EC2A70 /* JosefinSans-Italic-VariableFont_wght.ttf */ = {isa = PBXFileReference; lastKnownFileType = file; path = "JosefinSans-Italic-VariableFont_wght.ttf"; sourceTree = "<group>"; };
		09D8D1E92B526B0400EC2A70 /* JosefinSans-VariableFont_wght.ttf */ = {isa = PBXFileReference; lastKnownFileType = file; path = "JosefinSans-VariableFont_wght.ttf"; sourceTree = "<group>"; };
		09D8D1EC2B526C1600EC2A70 /* Info.plist */ = {isa = PBXFileReference; lastKnownFileType = text.plist; path = Info.plist; sourceTree = "<group>"; };
/* End PBXFileReference section */

/* Begin PBXFrameworksBuildPhase section */
		0971091B2B52483800CFD692 /* Frameworks */ = {
			isa = PBXFrameworksBuildPhase;
			buildActionMask = 2147483647;
			files = (
			);
			runOnlyForDeploymentPostprocessing = 0;
		};
		0971092B2B52483A00CFD692 /* Frameworks */ = {
			isa = PBXFrameworksBuildPhase;
			buildActionMask = 2147483647;
			files = (
			);
			runOnlyForDeploymentPostprocessing = 0;
		};
		097109352B52483A00CFD692 /* Frameworks */ = {
			isa = PBXFrameworksBuildPhase;
			buildActionMask = 2147483647;
			files = (
			);
			runOnlyForDeploymentPostprocessing = 0;
		};
/* End PBXFrameworksBuildPhase section */

/* Begin PBXGroup section */
		094EABDA2B5299F200A39DF1 /* Design */ = {
			isa = PBXGroup;
			children = (
				094EABDB2B529A0300A39DF1 /* AtomicDesignSystem.swift */,
			);
			path = Design;
			sourceTree = "<group>";
		};
		097109152B52483800CFD692 = {
			isa = PBXGroup;
			children = (
				097109202B52483800CFD692 /* FluxFinances */,
				097109312B52483A00CFD692 /* FluxFinancesTests */,
				0971093B2B52483A00CFD692 /* FluxFinancesUITests */,
				0971091F2B52483800CFD692 /* Products */,
			);
			sourceTree = "<group>";
		};
		0971091F2B52483800CFD692 /* Products */ = {
			isa = PBXGroup;
			children = (
				0971091E2B52483800CFD692 /* FluxFinances.app */,
				0971092E2B52483A00CFD692 /* FluxFinancesTests.xctest */,
				097109382B52483A00CFD692 /* FluxFinancesUITests.xctest */,
			);
			name = Products;
			sourceTree = "<group>";
		};
		097109202B52483800CFD692 /* FluxFinances */ = {
			isa = PBXGroup;
			children = (
				094EABDA2B5299F200A39DF1 /* Design */,
				09D8D1EC2B526C1600EC2A70 /* Info.plist */,
				09D8D1E72B526AF300EC2A70 /* Fonts */,
				097109212B52483800CFD692 /* FluxFinancesApp.swift */,
				097109232B52483800CFD692 /* ContentView.swift */,
				097109252B52483A00CFD692 /* Assets.xcassets */,
				097109272B52483A00CFD692 /* Preview Content */,
				09D8D1E52B52663A00EC2A70 /* Extensions.swift */,
			);
			path = FluxFinances;
			sourceTree = "<group>";
		};
		097109272B52483A00CFD692 /* Preview Content */ = {
			isa = PBXGroup;
			children = (
				097109282B52483A00CFD692 /* Preview Assets.xcassets */,
			);
			path = "Preview Content";
			sourceTree = "<group>";
		};
		097109312B52483A00CFD692 /* FluxFinancesTests */ = {
			isa = PBXGroup;
			children = (
				097109322B52483A00CFD692 /* FluxFinancesTests.swift */,
			);
			path = FluxFinancesTests;
			sourceTree = "<group>";
		};
		0971093B2B52483A00CFD692 /* FluxFinancesUITests */ = {
			isa = PBXGroup;
			children = (
				0971093C2B52483A00CFD692 /* FluxFinancesUITests.swift */,
				0971093E2B52483A00CFD692 /* FluxFinancesUITestsLaunchTests.swift */,
			);
			path = FluxFinancesUITests;
			sourceTree = "<group>";
		};
		09D8D1E72B526AF300EC2A70 /* Fonts */ = {
			isa = PBXGroup;
			children = (
				09D8D1E82B526B0400EC2A70 /* JosefinSans-Italic-VariableFont_wght.ttf */,
				09D8D1E92B526B0400EC2A70 /* JosefinSans-VariableFont_wght.ttf */,
			);
			path = Fonts;
			sourceTree = "<group>";
		};
/* End PBXGroup section */

/* Begin PBXNativeTarget section */
		0971091D2B52483800CFD692 /* FluxFinances */ = {
			isa = PBXNativeTarget;
			buildConfigurationList = 097109422B52483A00CFD692 /* Build configuration list for PBXNativeTarget "FluxFinances" */;
			buildPhases = (
				0971091A2B52483800CFD692 /* Sources */,
				0971091B2B52483800CFD692 /* Frameworks */,
				0971091C2B52483800CFD692 /* Resources */,
			);
			buildRules = (
			);
			dependencies = (
			);
			name = FluxFinances;
			productName = FluxFinances;
			productReference = 0971091E2B52483800CFD692 /* FluxFinances.app */;
			productType = "com.apple.product-type.application";
		};
		0971092D2B52483A00CFD692 /* FluxFinancesTests */ = {
			isa = PBXNativeTarget;
			buildConfigurationList = 097109452B52483A00CFD692 /* Build configuration list for PBXNativeTarget "FluxFinancesTests" */;
			buildPhases = (
				0971092A2B52483A00CFD692 /* Sources */,
				0971092B2B52483A00CFD692 /* Frameworks */,
				0971092C2B52483A00CFD692 /* Resources */,
			);
			buildRules = (
			);
			dependencies = (
				097109302B52483A00CFD692 /* PBXTargetDependency */,
			);
			name = FluxFinancesTests;
			productName = FluxFinancesTests;
			productReference = 0971092E2B52483A00CFD692 /* FluxFinancesTests.xctest */;
			productType = "com.apple.product-type.bundle.unit-test";
		};
		097109372B52483A00CFD692 /* FluxFinancesUITests */ = {
			isa = PBXNativeTarget;
			buildConfigurationList = 097109482B52483A00CFD692 /* Build configuration list for PBXNativeTarget "FluxFinancesUITests" */;
			buildPhases = (
				097109342B52483A00CFD692 /* Sources */,
				097109352B52483A00CFD692 /* Frameworks */,
				097109362B52483A00CFD692 /* Resources */,
			);
			buildRules = (
			);
			dependencies = (
				0971093A2B52483A00CFD692 /* PBXTargetDependency */,
			);
			name = FluxFinancesUITests;
			productName = FluxFinancesUITests;
			productReference = 097109382B52483A00CFD692 /* FluxFinancesUITests.xctest */;
			productType = "com.apple.product-type.bundle.ui-testing";
		};
/* End PBXNativeTarget section */

/* Begin PBXProject section */
		097109162B52483800CFD692 /* Project object */ = {
			isa = PBXProject;
			attributes = {
				BuildIndependentTargetsInParallel = 1;
				LastSwiftUpdateCheck = 1520;
				LastUpgradeCheck = 1520;
				TargetAttributes = {
					0971091D2B52483800CFD692 = {
						CreatedOnToolsVersion = 15.2;
					};
					0971092D2B52483A00CFD692 = {
						CreatedOnToolsVersion = 15.2;
						TestTargetID = 0971091D2B52483800CFD692;
					};
					097109372B52483A00CFD692 = {
						CreatedOnToolsVersion = 15.2;
						TestTargetID = 0971091D2B52483800CFD692;
					};
				};
			};
			buildConfigurationList = 097109192B52483800CFD692 /* Build configuration list for PBXProject "FluxFinances" */;
			compatibilityVersion = "Xcode 14.0";
			developmentRegion = en;
			hasScannedForEncodings = 0;
			knownRegions = (
				en,
				Base,
			);
			mainGroup = 097109152B52483800CFD692;
			productRefGroup = 0971091F2B52483800CFD692 /* Products */;
			projectDirPath = "";
			projectRoot = "";
			targets = (
				0971091D2B52483800CFD692 /* FluxFinances */,
				0971092D2B52483A00CFD692 /* FluxFinancesTests */,
				097109372B52483A00CFD692 /* FluxFinancesUITests */,
			);
		};
/* End PBXProject section */

/* Begin PBXResourcesBuildPhase section */
		0971091C2B52483800CFD692 /* Resources */ = {
			isa = PBXResourcesBuildPhase;
			buildActionMask = 2147483647;
			files = (
				097109292B52483A00CFD692 /* Preview Assets.xcassets in Resources */,
				09D8D1EB2B526B0400EC2A70 /* JosefinSans-VariableFont_wght.ttf in Resources */,
				09D8D1EA2B526B0400EC2A70 /* JosefinSans-Italic-VariableFont_wght.ttf in Resources */,
				097109262B52483A00CFD692 /* Assets.xcassets in Resources */,
			);
			runOnlyForDeploymentPostprocessing = 0;
		};
		0971092C2B52483A00CFD692 /* Resources */ = {
			isa = PBXResourcesBuildPhase;
			buildActionMask = 2147483647;
			files = (
			);
			runOnlyForDeploymentPostprocessing = 0;
		};
		097109362B52483A00CFD692 /* Resources */ = {
			isa = PBXResourcesBuildPhase;
			buildActionMask = 2147483647;
			files = (
			);
			runOnlyForDeploymentPostprocessing = 0;
		};
/* End PBXResourcesBuildPhase section */

/* Begin PBXSourcesBuildPhase section */
		0971091A2B52483800CFD692 /* Sources */ = {
			isa = PBXSourcesBuildPhase;
			buildActionMask = 2147483647;
			files = (
				097109242B52483800CFD692 /* ContentView.swift in Sources */,
				09D8D1E62B52663A00EC2A70 /* Extensions.swift in Sources */,
				097109222B52483800CFD692 /* FluxFinancesApp.swift in Sources */,
				094EABDC2B529A0300A39DF1 /* AtomicDesignSystem.swift in Sources */,
			);
			runOnlyForDeploymentPostprocessing = 0;
		};
		0971092A2B52483A00CFD692 /* Sources */ = {
			isa = PBXSourcesBuildPhase;
			buildActionMask = 2147483647;
			files = (
				097109332B52483A00CFD692 /* FluxFinancesTests.swift in Sources */,
			);
			runOnlyForDeploymentPostprocessing = 0;
		};
		097109342B52483A00CFD692 /* Sources */ = {
			isa = PBXSourcesBuildPhase;
			buildActionMask = 2147483647;
			files = (
				0971093F2B52483A00CFD692 /* FluxFinancesUITestsLaunchTests.swift in Sources */,
				0971093D2B52483A00CFD692 /* FluxFinancesUITests.swift in Sources */,
			);
			runOnlyForDeploymentPostprocessing = 0;
		};
/* End PBXSourcesBuildPhase section */

/* Begin PBXTargetDependency section */
		097109302B52483A00CFD692 /* PBXTargetDependency */ = {
			isa = PBXTargetDependency;
			target = 0971091D2B52483800CFD692 /* FluxFinances */;
			targetProxy = 0971092F2B52483A00CFD692 /* PBXContainerItemProxy */;
		};
		0971093A2B52483A00CFD692 /* PBXTargetDependency */ = {
			isa = PBXTargetDependency;
			target = 0971091D2B52483800CFD692 /* FluxFinances */;
			targetProxy = 097109392B52483A00CFD692 /* PBXContainerItemProxy */;
		};
/* End PBXTargetDependency section */

/* Begin XCBuildConfiguration section */
		097109402B52483A00CFD692 /* Debug */ = {
			isa = XCBuildConfiguration;
			buildSettings = {
				ALWAYS_SEARCH_USER_PATHS = NO;
				ASSETCATALOG_COMPILER_GENERATE_SWIFT_ASSET_SYMBOL_EXTENSIONS = YES;
				CLANG_ANALYZER_NONNULL = YES;
				CLANG_ANALYZER_NUMBER_OBJECT_CONVERSION = YES_AGGRESSIVE;
				CLANG_CXX_LANGUAGE_STANDARD = "gnu++20";
				CLANG_ENABLE_MODULES = YES;
				CLANG_ENABLE_OBJC_ARC = YES;
				CLANG_ENABLE_OBJC_WEAK = YES;
				CLANG_WARN_BLOCK_CAPTURE_AUTORELEASING = YES;
				CLANG_WARN_BOOL_CONVERSION = YES;
				CLANG_WARN_COMMA = YES;
				CLANG_WARN_CONSTANT_CONVERSION = YES;
				CLANG_WARN_DEPRECATED_OBJC_IMPLEMENTATIONS = YES;
				CLANG_WARN_DIRECT_OBJC_ISA_USAGE = YES_ERROR;
				CLANG_WARN_DOCUMENTATION_COMMENTS = YES;
				CLANG_WARN_EMPTY_BODY = YES;
				CLANG_WARN_ENUM_CONVERSION = YES;
				CLANG_WARN_INFINITE_RECURSION = YES;
				CLANG_WARN_INT_CONVERSION = YES;
				CLANG_WARN_NON_LITERAL_NULL_CONVERSION = YES;
				CLANG_WARN_OBJC_IMPLICIT_RETAIN_SELF = YES;
				CLANG_WARN_OBJC_LITERAL_CONVERSION = YES;
				CLANG_WARN_OBJC_ROOT_CLASS = YES_ERROR;
				CLANG_WARN_QUOTED_INCLUDE_IN_FRAMEWORK_HEADER = YES;
				CLANG_WARN_RANGE_LOOP_ANALYSIS = YES;
				CLANG_WARN_STRICT_PROTOTYPES = YES;
				CLANG_WARN_SUSPICIOUS_MOVE = YES;
				CLANG_WARN_UNGUARDED_AVAILABILITY = YES_AGGRESSIVE;
				CLANG_WARN_UNREACHABLE_CODE = YES;
				CLANG_WARN__DUPLICATE_METHOD_MATCH = YES;
				COPY_PHASE_STRIP = NO;
				DEBUG_INFORMATION_FORMAT = dwarf;
				ENABLE_STRICT_OBJC_MSGSEND = YES;
				ENABLE_TESTABILITY = YES;
				ENABLE_USER_SCRIPT_SANDBOXING = YES;
				GCC_C_LANGUAGE_STANDARD = gnu17;
				GCC_DYNAMIC_NO_PIC = NO;
				GCC_NO_COMMON_BLOCKS = YES;
				GCC_OPTIMIZATION_LEVEL = 0;
				GCC_PREPROCESSOR_DEFINITIONS = (
					"DEBUG=1",
					"$(inherited)",
				);
				GCC_WARN_64_TO_32_BIT_CONVERSION = YES;
				GCC_WARN_ABOUT_RETURN_TYPE = YES_ERROR;
				GCC_WARN_UNDECLARED_SELECTOR = YES;
				GCC_WARN_UNINITIALIZED_AUTOS = YES_AGGRESSIVE;
				GCC_WARN_UNUSED_FUNCTION = YES;
				GCC_WARN_UNUSED_VARIABLE = YES;
				IPHONEOS_DEPLOYMENT_TARGET = 17.2;
				LOCALIZATION_PREFERS_STRING_CATALOGS = YES;
				MTL_ENABLE_DEBUG_INFO = INCLUDE_SOURCE;
				MTL_FAST_MATH = YES;
				ONLY_ACTIVE_ARCH = YES;
				SDKROOT = iphoneos;
				SWIFT_ACTIVE_COMPILATION_CONDITIONS = "DEBUG $(inherited)";
				SWIFT_OPTIMIZATION_LEVEL = "-Onone";
			};
			name = Debug;
		};
		097109412B52483A00CFD692 /* Release */ = {
			isa = XCBuildConfiguration;
			buildSettings = {
				ALWAYS_SEARCH_USER_PATHS = NO;
				ASSETCATALOG_COMPILER_GENERATE_SWIFT_ASSET_SYMBOL_EXTENSIONS = YES;
				CLANG_ANALYZER_NONNULL = YES;
				CLANG_ANALYZER_NUMBER_OBJECT_CONVERSION = YES_AGGRESSIVE;
				CLANG_CXX_LANGUAGE_STANDARD = "gnu++20";
				CLANG_ENABLE_MODULES = YES;
				CLANG_ENABLE_OBJC_ARC = YES;
				CLANG_ENABLE_OBJC_WEAK = YES;
				CLANG_WARN_BLOCK_CAPTURE_AUTORELEASING = YES;
				CLANG_WARN_BOOL_CONVERSION = YES;
				CLANG_WARN_COMMA = YES;
				CLANG_WARN_CONSTANT_CONVERSION = YES;
				CLANG_WARN_DEPRECATED_OBJC_IMPLEMENTATIONS = YES;
				CLANG_WARN_DIRECT_OBJC_ISA_USAGE = YES_ERROR;
				CLANG_WARN_DOCUMENTATION_COMMENTS = YES;
				CLANG_WARN_EMPTY_BODY = YES;
				CLANG_WARN_ENUM_CONVERSION = YES;
				CLANG_WARN_INFINITE_RECURSION = YES;
				CLANG_WARN_INT_CONVERSION = YES;
				CLANG_WARN_NON_LITERAL_NULL_CONVERSION = YES;
				CLANG_WARN_OBJC_IMPLICIT_RETAIN_SELF = YES;
				CLANG_WARN_OBJC_LITERAL_CONVERSION = YES;
				CLANG_WARN_OBJC_ROOT_CLASS = YES_ERROR;
				CLANG_WARN_QUOTED_INCLUDE_IN_FRAMEWORK_HEADER = YES;
				CLANG_WARN_RANGE_LOOP_ANALYSIS = YES;
				CLANG_WARN_STRICT_PROTOTYPES = YES;
				CLANG_WARN_SUSPICIOUS_MOVE = YES;
				CLANG_WARN_UNGUARDED_AVAILABILITY = YES_AGGRESSIVE;
				CLANG_WARN_UNREACHABLE_CODE = YES;
				CLANG_WARN__DUPLICATE_METHOD_MATCH = YES;
				COPY_PHASE_STRIP = NO;
				DEBUG_INFORMATION_FORMAT = "dwarf-with-dsym";
				ENABLE_NS_ASSERTIONS = NO;
				ENABLE_STRICT_OBJC_MSGSEND = YES;
				ENABLE_USER_SCRIPT_SANDBOXING = YES;
				GCC_C_LANGUAGE_STANDARD = gnu17;
				GCC_NO_COMMON_BLOCKS = YES;
				GCC_WARN_64_TO_32_BIT_CONVERSION = YES;
				GCC_WARN_ABOUT_RETURN_TYPE = YES_ERROR;
				GCC_WARN_UNDECLARED_SELECTOR = YES;
				GCC_WARN_UNINITIALIZED_AUTOS = YES_AGGRESSIVE;
				GCC_WARN_UNUSED_FUNCTION = YES;
				GCC_WARN_UNUSED_VARIABLE = YES;
				IPHONEOS_DEPLOYMENT_TARGET = 17.2;
				LOCALIZATION_PREFERS_STRING_CATALOGS = YES;
				MTL_ENABLE_DEBUG_INFO = NO;
				MTL_FAST_MATH = YES;
				SDKROOT = iphoneos;
				SWIFT_COMPILATION_MODE = wholemodule;
				VALIDATE_PRODUCT = YES;
			};
			name = Release;
		};
		097109432B52483A00CFD692 /* Debug */ = {
			isa = XCBuildConfiguration;
			buildSettings = {
				ASSETCATALOG_COMPILER_APPICON_NAME = AppIcon;
				ASSETCATALOG_COMPILER_GLOBAL_ACCENT_COLOR_NAME = AccentColor;
				CODE_SIGN_STYLE = Automatic;
				CURRENT_PROJECT_VERSION = 1;
				DEVELOPMENT_ASSET_PATHS = "\"FluxFinances/Preview Content\"";
				DEVELOPMENT_TEAM = 6A4W4G6ZCH;
				ENABLE_PREVIEWS = YES;
				GENERATE_INFOPLIST_FILE = YES;
				INFOPLIST_FILE = FluxFinances/Info.plist;
				INFOPLIST_KEY_UIApplicationSceneManifest_Generation = YES;
				INFOPLIST_KEY_UIApplicationSupportsIndirectInputEvents = YES;
				INFOPLIST_KEY_UILaunchScreen_Generation = YES;
				INFOPLIST_KEY_UISupportedInterfaceOrientations_iPad = "UIInterfaceOrientationPortrait UIInterfaceOrientationPortraitUpsideDown UIInterfaceOrientationLandscapeLeft UIInterfaceOrientationLandscapeRight";
				INFOPLIST_KEY_UISupportedInterfaceOrientations_iPhone = "UIInterfaceOrientationPortrait UIInterfaceOrientationLandscapeLeft UIInterfaceOrientationLandscapeRight";
				LD_RUNPATH_SEARCH_PATHS = (
					"$(inherited)",
					"@executable_path/Frameworks",
				);
				MARKETING_VERSION = 1.0;
				PRODUCT_BUNDLE_IDENTIFIER = dev.pracprog.FluxFinances;
				PRODUCT_NAME = "$(TARGET_NAME)";
				SWIFT_EMIT_LOC_STRINGS = YES;
				SWIFT_VERSION = 5.0;
				TARGETED_DEVICE_FAMILY = "1,2";
			};
			name = Debug;
		};
		097109442B52483A00CFD692 /* Release */ = {
			isa = XCBuildConfiguration;
			buildSettings = {
				ASSETCATALOG_COMPILER_APPICON_NAME = AppIcon;
				ASSETCATALOG_COMPILER_GLOBAL_ACCENT_COLOR_NAME = AccentColor;
				CODE_SIGN_STYLE = Automatic;
				CURRENT_PROJECT_VERSION = 1;
				DEVELOPMENT_ASSET_PATHS = "\"FluxFinances/Preview Content\"";
				DEVELOPMENT_TEAM = 6A4W4G6ZCH;
				ENABLE_PREVIEWS = YES;
				GENERATE_INFOPLIST_FILE = YES;
				INFOPLIST_FILE = FluxFinances/Info.plist;
				INFOPLIST_KEY_UIApplicationSceneManifest_Generation = YES;
				INFOPLIST_KEY_UIApplicationSupportsIndirectInputEvents = YES;
				INFOPLIST_KEY_UILaunchScreen_Generation = YES;
				INFOPLIST_KEY_UISupportedInterfaceOrientations_iPad = "UIInterfaceOrientationPortrait UIInterfaceOrientationPortraitUpsideDown UIInterfaceOrientationLandscapeLeft UIInterfaceOrientationLandscapeRight";
				INFOPLIST_KEY_UISupportedInterfaceOrientations_iPhone = "UIInterfaceOrientationPortrait UIInterfaceOrientationLandscapeLeft UIInterfaceOrientationLandscapeRight";
				LD_RUNPATH_SEARCH_PATHS = (
					"$(inherited)",
					"@executable_path/Frameworks",
				);
				MARKETING_VERSION = 1.0;
				PRODUCT_BUNDLE_IDENTIFIER = dev.pracprog.FluxFinances;
				PRODUCT_NAME = "$(TARGET_NAME)";
				SWIFT_EMIT_LOC_STRINGS = YES;
				SWIFT_VERSION = 5.0;
				TARGETED_DEVICE_FAMILY = "1,2";
			};
			name = Release;
		};
		097109462B52483A00CFD692 /* Debug */ = {
			isa = XCBuildConfiguration;
			buildSettings = {
				ALWAYS_EMBED_SWIFT_STANDARD_LIBRARIES = YES;
				BUNDLE_LOADER = "$(TEST_HOST)";
				CODE_SIGN_STYLE = Automatic;
				CURRENT_PROJECT_VERSION = 1;
				DEVELOPMENT_TEAM = 6A4W4G6ZCH;
				GENERATE_INFOPLIST_FILE = YES;
				IPHONEOS_DEPLOYMENT_TARGET = 17.2;
				MARKETING_VERSION = 1.0;
				PRODUCT_BUNDLE_IDENTIFIER = dev.pracprog.FluxFinancesTests;
				PRODUCT_NAME = "$(TARGET_NAME)";
				SWIFT_EMIT_LOC_STRINGS = NO;
				SWIFT_VERSION = 5.0;
				TARGETED_DEVICE_FAMILY = "1,2";
				TEST_HOST = "$(BUILT_PRODUCTS_DIR)/FluxFinances.app/$(BUNDLE_EXECUTABLE_FOLDER_PATH)/FluxFinances";
			};
			name = Debug;
		};
		097109472B52483A00CFD692 /* Release */ = {
			isa = XCBuildConfiguration;
			buildSettings = {
				ALWAYS_EMBED_SWIFT_STANDARD_LIBRARIES = YES;
				BUNDLE_LOADER = "$(TEST_HOST)";
				CODE_SIGN_STYLE = Automatic;
				CURRENT_PROJECT_VERSION = 1;
				DEVELOPMENT_TEAM = 6A4W4G6ZCH;
				GENERATE_INFOPLIST_FILE = YES;
				IPHONEOS_DEPLOYMENT_TARGET = 17.2;
				MARKETING_VERSION = 1.0;
				PRODUCT_BUNDLE_IDENTIFIER = dev.pracprog.FluxFinancesTests;
				PRODUCT_NAME = "$(TARGET_NAME)";
				SWIFT_EMIT_LOC_STRINGS = NO;
				SWIFT_VERSION = 5.0;
				TARGETED_DEVICE_FAMILY = "1,2";
				TEST_HOST = "$(BUILT_PRODUCTS_DIR)/FluxFinances.app/$(BUNDLE_EXECUTABLE_FOLDER_PATH)/FluxFinances";
			};
			name = Release;
		};
		097109492B52483A00CFD692 /* Debug */ = {
			isa = XCBuildConfiguration;
			buildSettings = {
				ALWAYS_EMBED_SWIFT_STANDARD_LIBRARIES = YES;
				CODE_SIGN_STYLE = Automatic;
				CURRENT_PROJECT_VERSION = 1;
				DEVELOPMENT_TEAM = 6A4W4G6ZCH;
				GENERATE_INFOPLIST_FILE = YES;
				MARKETING_VERSION = 1.0;
				PRODUCT_BUNDLE_IDENTIFIER = dev.pracprog.FluxFinancesUITests;
				PRODUCT_NAME = "$(TARGET_NAME)";
				SWIFT_EMIT_LOC_STRINGS = NO;
				SWIFT_VERSION = 5.0;
				TARGETED_DEVICE_FAMILY = "1,2";
				TEST_TARGET_NAME = FluxFinances;
			};
			name = Debug;
		};
		0971094A2B52483A00CFD692 /* Release */ = {
			isa = XCBuildConfiguration;
			buildSettings = {
				ALWAYS_EMBED_SWIFT_STANDARD_LIBRARIES = YES;
				CODE_SIGN_STYLE = Automatic;
				CURRENT_PROJECT_VERSION = 1;
				DEVELOPMENT_TEAM = 6A4W4G6ZCH;
				GENERATE_INFOPLIST_FILE = YES;
				MARKETING_VERSION = 1.0;
				PRODUCT_BUNDLE_IDENTIFIER = dev.pracprog.FluxFinancesUITests;
				PRODUCT_NAME = "$(TARGET_NAME)";
				SWIFT_EMIT_LOC_STRINGS = NO;
				SWIFT_VERSION = 5.0;
				TARGETED_DEVICE_FAMILY = "1,2";
				TEST_TARGET_NAME = FluxFinances;
			};
			name = Release;
		};
/* End XCBuildConfiguration section */

/* Begin XCConfigurationList section */
		097109192B52483800CFD692 /* Build configuration list for PBXProject "FluxFinances" */ = {
			isa = XCConfigurationList;
			buildConfigurations = (
				097109402B52483A00CFD692 /* Debug */,
				097109412B52483A00CFD692 /* Release */,
			);
			defaultConfigurationIsVisible = 0;
			defaultConfigurationName = Release;
		};
		097109422B52483A00CFD692 /* Build configuration list for PBXNativeTarget "FluxFinances" */ = {
			isa = XCConfigurationList;
			buildConfigurations = (
				097109432B52483A00CFD692 /* Debug */,
				097109442B52483A00CFD692 /* Release */,
			);
			defaultConfigurationIsVisible = 0;
			defaultConfigurationName = Release;
		};
		097109452B52483A00CFD692 /* Build configuration list for PBXNativeTarget "FluxFinancesTests" */ = {
			isa = XCConfigurationList;
			buildConfigurations = (
				097109462B52483A00CFD692 /* Debug */,
				097109472B52483A00CFD692 /* Release */,
			);
			defaultConfigurationIsVisible = 0;
			defaultConfigurationName = Release;
		};
		097109482B52483A00CFD692 /* Build configuration list for PBXNativeTarget "FluxFinancesUITests" */ = {
			isa = XCConfigurationList;
			buildConfigurations = (
				097109492B52483A00CFD692 /* Debug */,
				0971094A2B52483A00CFD692 /* Release */,
			);
			defaultConfigurationIsVisible = 0;
			defaultConfigurationName = Release;
		};
/* End XCConfigurationList section */
	};
	rootObject = 097109162B52483800CFD692 /* Project object */;
}
